
Microsoft Visual Studio Solution File, Format Version 12.00
# Visual Studio Version 16
VisualStudioVersion = 16.0.31624.102
MinimumVisualStudioVersion = 10.0.40219.1
Project("{8BC9CEB8-8B4A-11D0-8D11-00A0C91BC942}") = "Magic", "ConsoleApplication2\ConsoleApplication2.vcxproj", "{F8A11B92-A049-48AC-90A0-DF9EED4BA655}"
EndProject
Project("{8BC9CEB8-8B4A-11D0-8D11-00A0C91BC942}") = "Stack", "Stack\Stack.vcxproj", "{DC8F5E23-D4E1-46EE-97A7-0E3EFE0CD77D}"
EndProject
Project("{8BC9CEB8-8B4A-11D0-8D11-00A0C91BC942}") = "Queue", "Queue\Queue.vcxproj", "{300B22CA-34E0-491E-A34B-CFE867B6887B}"
EndProject
Project("{8BC9CEB8-8B4A-11D0-8D11-00A0C91BC942}") = "Linked List", "Linked List\Linked List.vcxproj", "{332D4536-C079-486A-BC39-4C5144B3D68C}"
EndProject
Project("{8BC9CEB8-8B4A-11D0-8D11-00A0C91BC942}") = "C++_Sample", "C++_Sample\C++_Sample.vcxproj", "{19922246-BE14-4D6E-AE7D-94CF2628A05D}"
EndProject
Global
	GlobalSection(SolutionConfigurationPlatforms) = preSolution
		Debug|x64 = Debug|x64
		Debug|x86 = Debug|x86
		Release|x64 = Release|x64
		Release|x86 = Release|x86
	EndGlobalSection
	GlobalSection(ProjectConfigurationPlatforms) = postSolution
		{F8A11B92-A049-48AC-90A0-DF9EED4BA655}.Debug|x64.ActiveCfg = Debug|x64
		{F8A11B92-A049-48AC-90A0-DF9EED4BA655}.Debug|x64.Build.0 = Debug|x64
		{F8A11B92-A049-48AC-90A0-DF9EED4BA655}.Debug|x86.ActiveCfg = Debug|Win32
		{F8A11B92-A049-48AC-90A0-DF9EED4BA655}.Debug|x86.Build.0 = Debug|Win32
		{F8A11B92-A049-48AC-90A0-DF9EED4BA655}.Release|x64.ActiveCfg = Release|x64
		{F8A11B92-A049-48AC-90A0-DF9EED4BA655}.Release|x64.Build.0 = Release|x64
		{F8A11B92-A049-48AC-90A0-DF9EED4BA655}.Release|x86.ActiveCfg = Release|Win32
		{F8A11B92-A049-48AC-90A0-DF9EED4BA655}.Release|x86.Build.0 = Release|Win32
		{DC8F5E23-D4E1-46EE-97A7-0E3EFE0CD77D}.Debug|x64.ActiveCfg = Debug|x64
		{DC8F5E23-D4E1-46EE-97A7-0E3EFE0CD77D}.Debug|x64.Build.0 = Debug|x64
		{DC8F5E23-D4E1-46EE-97A7-0E3EFE0CD77D}.Debug|x86.ActiveCfg = Debug|Win32
		{DC8F5E23-D4E1-46EE-97A7-0E3EFE0CD77D}.Debug|x86.Build.0 = Debug|Win32
		{DC8F5E23-D4E1-46EE-97A7-0E3EFE0CD77D}.Release|x64.ActiveCfg = Release|x64
		{DC8F5E23-D4E1-46EE-97A7-0E3EFE0CD77D}.Release|x64.Build.0 = Release|x64
		{DC8F5E23-D4E1-46EE-97A7-0E3EFE0CD77D}.Release|x86.ActiveCfg = Release|Win32
		{DC8F5E23-D4E1-46EE-97A7-0E3EFE0CD77D}.Release|x86.Build.0 = Release|Win32
		{300B22CA-34E0-491E-A34B-CFE867B6887B}.Debug|x64.ActiveCfg = Debug|x64
		{300B22CA-34E0-491E-A34B-CFE867B6887B}.Debug|x64.Build.0 = Debug|x64
		{300B22CA-34E0-491E-A34B-CFE867B6887B}.Debug|x86.ActiveCfg = Debug|Win32
		{300B22CA-34E0-491E-A34B-CFE867B6887B}.Debug|x86.Build.0 = Debug|Win32
		{300B22CA-34E0-491E-A34B-CFE867B6887B}.Release|x64.ActiveCfg = Release|x64
		{300B22CA-34E0-491E-A34B-CFE867B6887B}.Release|x64.Build.0 = Release|x64
		{300B22CA-34E0-491E-A34B-CFE867B6887B}.Release|x86.ActiveCfg = Release|Win32
		{300B22CA-34E0-491E-A34B-CFE867B6887B}.Release|x86.Build.0 = Release|Win32
		{332D4536-C079-486A-BC39-4C5144B3D68C}.Debug|x64.ActiveCfg = Debug|x64
		{332D4536-C079-486A-BC39-4C5144B3D68C}.Debug|x64.Build.0 = Debug|x64
		{332D4536-C079-486A-BC39-4C5144B3D68C}.Debug|x86.ActiveCfg = Debug|Win32
		{332D4536-C079-486A-BC39-4C5144B3D68C}.Debug|x86.Build.0 = Debug|Win32
		{332D4536-C079-486A-BC39-4C5144B3D68C}.Release|x64.ActiveCfg = Release|x64
		{332D4536-C079-486A-BC39-4C5144B3D68C}.Release|x64.Build.0 = Release|x64
		{332D4536-C079-486A-BC39-4C5144B3D68C}.Release|x86.ActiveCfg = Release|Win32
		{332D4536-C079-486A-BC39-4C5144B3D68C}.Release|x86.Build.0 = Release|Win32
		{19922246-BE14-4D6E-AE7D-94CF2628A05D}.Debug|x64.ActiveCfg = Debug|x64
		{19922246-BE14-4D6E-AE7D-94CF2628A05D}.Debug|x64.Build.0 = Debug|x64
		{19922246-BE14-4D6E-AE7D-94CF2628A05D}.Debug|x86.ActiveCfg = Debug|Win32
		{19922246-BE14-4D6E-AE7D-94CF2628A05D}.Debug|x86.Build.0 = Debug|Win32
		{19922246-BE14-4D6E-AE7D-94CF2628A05D}.Release|x64.ActiveCfg = Release|x64
		{19922246-BE14-4D6E-AE7D-94CF2628A05D}.Release|x64.Build.0 = Release|x64
		{19922246-BE14-4D6E-AE7D-94CF2628A05D}.Release|x86.ActiveCfg = Release|Win32
		{19922246-BE14-4D6E-AE7D-94CF2628A05D}.Release|x86.Build.0 = Release|Win32
	EndGlobalSection
	GlobalSection(SolutionProperties) = preSolution
		HideSolutionNode = FALSE
	EndGlobalSection
	GlobalSection(ExtensibilityGlobals) = postSolution
		SolutionGuid = {B26B134B-BCC1-4998-9770-7CADA6B8DF35}
	EndGlobalSection
EndGlobal
